
Microsoft Visual Studio Solution File, Format Version 12.00
# Visual Studio 15
VisualStudioVersion = 15.0.33026.149
MinimumVisualStudioVersion = 10.0.40219.1
Project("{8BC9CEB8-8B4A-11D0-8D11-00A0C91BC942}") = "Test", "Test\Test.vcxproj", "{17F1DF25-D2B6-4A4C-8813-F04404AE3A66}"
EndProject
Global
	GlobalSection(SolutionConfigurationPlatforms) = preSolution
		Debug|x64 = Debug|x64
		Debug|x86 = Debug|x86
		Release|x64 = Release|x64
		Release|x86 = Release|x86
	EndGlobalSection
	GlobalSection(ProjectConfigurationPlatforms) = postSolution
		{17F1DF25-D2B6-4A4C-8813-F04404AE3A66}.Debug|x64.ActiveCfg = Debug|x64
		{17F1DF25-D2B6-4A4C-8813-F04404AE3A66}.Debug|x64.Build.0 = Debug|x64
		{17F1DF25-D2B6-4A4C-8813-F04404AE3A66}.Debug|x86.ActiveCfg = Debug|Win32
		{17F1DF25-D2B6-4A4C-8813-F04404AE3A66}.Debug|x86.Build.0 = Debug|Win32
		{17F1DF25-D2B6-4A4C-8813-F04404AE3A66}.Release|x64.ActiveCfg = Release|x64
		{17F1DF25-D2B6-4A4C-8813-F04404AE3A66}.Release|x64.Build.0 = Release|x64
		{17F1DF25-D2B6-4A4C-8813-F04404AE3A66}.Release|x86.ActiveCfg = Release|Win32
		{17F1DF25-D2B6-4A4C-8813-F04404AE3A66}.Release|x86.Build.0 = Release|Win32
	EndGlobalSection
	GlobalSection(SolutionProperties) = preSolution
		HideSolutionNode = FALSE
	EndGlobalSection
	GlobalSection(ExtensibilityGlobals) = postSolution
		SolutionGuid = {DEDAF6EF-1233-41A7-A003-29099ED6A880}
	EndGlobalSection
EndGlobal
